// !$*UTF8*$!
{
	archiveVersion = 1;
	classes = {
	};
	objectVersion = 55;
	objects = {

/* Begin PBXBuildFile section */
		94169AB528A574EF00855ED9 /* AppDelegate.swift in Sources */ = {isa = PBXBuildFile; fileRef = 94169AB428A574EF00855ED9 /* AppDelegate.swift */; };
		94169AB728A574EF00855ED9 /* SceneDelegate.swift in Sources */ = {isa = PBXBuildFile; fileRef = 94169AB628A574EF00855ED9 /* SceneDelegate.swift */; };
		94169AB928A574EF00855ED9 /* ViewController.swift in Sources */ = {isa = PBXBuildFile; fileRef = 94169AB828A574EF00855ED9 /* ViewController.swift */; };
		94169ABC28A574EF00855ED9 /* Main.storyboard in Resources */ = {isa = PBXBuildFile; fileRef = 94169ABA28A574EF00855ED9 /* Main.storyboard */; };
		94169ABE28A574F100855ED9 /* Assets.xcassets in Resources */ = {isa = PBXBuildFile; fileRef = 94169ABD28A574F100855ED9 /* Assets.xcassets */; };
		94169AC128A574F100855ED9 /* LaunchScreen.storyboard in Resources */ = {isa = PBXBuildFile; fileRef = 94169ABF28A574F100855ED9 /* LaunchScreen.storyboard */; };
		94169AC928A5750400855ED9 /* Employee.swift in Sources */ = {isa = PBXBuildFile; fileRef = 94169AC828A5750400855ED9 /* Employee.swift */; };
		94169AD028A57FF500855ED9 /* NetworkManager.swift in Sources */ = {isa = PBXBuildFile; fileRef = 94169ACF28A57FF500855ED9 /* NetworkManager.swift */; };
		94169AD428A587E700855ED9 /* EmployeesTableViewController.swift in Sources */ = {isa = PBXBuildFile; fileRef = 94169AD328A587E700855ED9 /* EmployeesTableViewController.swift */; };
		94169AD628A5891600855ED9 /* EmployeeCell.swift in Sources */ = {isa = PBXBuildFile; fileRef = 94169AD528A5891600855ED9 /* EmployeeCell.swift */; };
/* End PBXBuildFile section */

/* Begin PBXFileReference section */
		94169AB128A574EF00855ED9 /* Employees List.app */ = {isa = PBXFileReference; explicitFileType = wrapper.application; includeInIndex = 0; path = "Employees List.app"; sourceTree = BUILT_PRODUCTS_DIR; };
		94169AB428A574EF00855ED9 /* AppDelegate.swift */ = {isa = PBXFileReference; lastKnownFileType = sourcecode.swift; path = AppDelegate.swift; sourceTree = "<group>"; };
		94169AB628A574EF00855ED9 /* SceneDelegate.swift */ = {isa = PBXFileReference; lastKnownFileType = sourcecode.swift; path = SceneDelegate.swift; sourceTree = "<group>"; };
		94169AB828A574EF00855ED9 /* ViewController.swift */ = {isa = PBXFileReference; lastKnownFileType = sourcecode.swift; path = ViewController.swift; sourceTree = "<group>"; };
		94169ABB28A574EF00855ED9 /* Base */ = {isa = PBXFileReference; lastKnownFileType = file.storyboard; name = Base; path = Base.lproj/Main.storyboard; sourceTree = "<group>"; };
		94169ABD28A574F100855ED9 /* Assets.xcassets */ = {isa = PBXFileReference; lastKnownFileType = folder.assetcatalog; path = Assets.xcassets; sourceTree = "<group>"; };
		94169AC028A574F100855ED9 /* Base */ = {isa = PBXFileReference; lastKnownFileType = file.storyboard; name = Base; path = Base.lproj/LaunchScreen.storyboard; sourceTree = "<group>"; };
		94169AC228A574F100855ED9 /* Info.plist */ = {isa = PBXFileReference; lastKnownFileType = text.plist.xml; path = Info.plist; sourceTree = "<group>"; };
		94169AC828A5750400855ED9 /* Employee.swift */ = {isa = PBXFileReference; lastKnownFileType = sourcecode.swift; path = Employee.swift; sourceTree = "<group>"; };
		94169ACF28A57FF500855ED9 /* NetworkManager.swift */ = {isa = PBXFileReference; lastKnownFileType = sourcecode.swift; path = NetworkManager.swift; sourceTree = "<group>"; };
		94169AD328A587E700855ED9 /* EmployeesTableViewController.swift */ = {isa = PBXFileReference; lastKnownFileType = sourcecode.swift; path = EmployeesTableViewController.swift; sourceTree = "<group>"; };
		94169AD528A5891600855ED9 /* EmployeeCell.swift */ = {isa = PBXFileReference; lastKnownFileType = sourcecode.swift; path = EmployeeCell.swift; sourceTree = "<group>"; };
/* End PBXFileReference section */

/* Begin PBXFrameworksBuildPhase section */
		94169AAE28A574EF00855ED9 /* Frameworks */ = {
			isa = PBXFrameworksBuildPhase;
			buildActionMask = 2147483647;
			files = (
			);
			runOnlyForDeploymentPostprocessing = 0;
		};
/* End PBXFrameworksBuildPhase section */

/* Begin PBXGroup section */
		94169AA828A574EF00855ED9 = {
			isa = PBXGroup;
			children = (
				94169AB328A574EF00855ED9 /* Employees List */,
				94169AB228A574EF00855ED9 /* Products */,
			);
			sourceTree = "<group>";
		};
		94169AB228A574EF00855ED9 /* Products */ = {
			isa = PBXGroup;
			children = (
				94169AB128A574EF00855ED9 /* Employees List.app */,
			);
			name = Products;
			sourceTree = "<group>";
		};
		94169AB328A574EF00855ED9 /* Employees List */ = {
			isa = PBXGroup;
			children = (
				94169ACF28A57FF500855ED9 /* NetworkManager.swift */,
				94169AD528A5891600855ED9 /* EmployeeCell.swift */,
				94169ACA28A57A0A00855ED9 /* Models */,
				94169ACE28A57CB000855ED9 /* ViewConrollers */,
				94169ACC28A57C8400855ED9 /* Storyboards */,
				94169ACB28A57C4C00855ED9 /* App */,
				94169ACD28A57C9C00855ED9 /* Resources */,
			);
			path = "Employees List";
			sourceTree = "<group>";
		};
		94169ACA28A57A0A00855ED9 /* Models */ = {
			isa = PBXGroup;
			children = (
				94169AC828A5750400855ED9 /* Employee.swift */,
			);
			path = Models;
			sourceTree = "<group>";
		};
		94169ACB28A57C4C00855ED9 /* App */ = {
			isa = PBXGroup;
			children = (
				94169AB428A574EF00855ED9 /* AppDelegate.swift */,
				94169AB628A574EF00855ED9 /* SceneDelegate.swift */,
				94169AC228A574F100855ED9 /* Info.plist */,
			);
			path = App;
			sourceTree = "<group>";
		};
		94169ACC28A57C8400855ED9 /* Storyboards */ = {
			isa = PBXGroup;
			children = (
				94169ABA28A574EF00855ED9 /* Main.storyboard */,
				94169ABF28A574F100855ED9 /* LaunchScreen.storyboard */,
			);
			path = Storyboards;
			sourceTree = "<group>";
		};
		94169ACD28A57C9C00855ED9 /* Resources */ = {
			isa = PBXGroup;
			children = (
				94169ABD28A574F100855ED9 /* Assets.xcassets */,
			);
			path = Resources;
			sourceTree = "<group>";
		};
		94169ACE28A57CB000855ED9 /* ViewConrollers */ = {
			isa = PBXGroup;
			children = (
				94169AB828A574EF00855ED9 /* ViewController.swift */,
				94169AD328A587E700855ED9 /* EmployeesTableViewController.swift */,
			);
			path = ViewConrollers;
			sourceTree = "<group>";
		};
/* End PBXGroup section */

/* Begin PBXNativeTarget section */
		94169AB028A574EF00855ED9 /* Employees List */ = {
			isa = PBXNativeTarget;
			buildConfigurationList = 94169AC528A574F100855ED9 /* Build configuration list for PBXNativeTarget "Employees List" */;
			buildPhases = (
				94169AAD28A574EF00855ED9 /* Sources */,
				94169AAE28A574EF00855ED9 /* Frameworks */,
				94169AAF28A574EF00855ED9 /* Resources */,
			);
			buildRules = (
			);
			dependencies = (
			);
			name = "Employees List";
			productName = "Employees List";
			productReference = 94169AB128A574EF00855ED9 /* Employees List.app */;
			productType = "com.apple.product-type.application";
		};
/* End PBXNativeTarget section */

/* Begin PBXProject section */
		94169AA928A574EF00855ED9 /* Project object */ = {
			isa = PBXProject;
			attributes = {
				BuildIndependentTargetsInParallel = 1;
				LastSwiftUpdateCheck = 1330;
				LastUpgradeCheck = 1330;
				TargetAttributes = {
					94169AB028A574EF00855ED9 = {
						CreatedOnToolsVersion = 13.3.1;
					};
				};
			};
			buildConfigurationList = 94169AAC28A574EF00855ED9 /* Build configuration list for PBXProject "Employees List" */;
			compatibilityVersion = "Xcode 13.0";
			developmentRegion = en;
			hasScannedForEncodings = 0;
			knownRegions = (
				en,
				Base,
			);
			mainGroup = 94169AA828A574EF00855ED9;
			productRefGroup = 94169AB228A574EF00855ED9 /* Products */;
			projectDirPath = "";
			projectRoot = "";
			targets = (
				94169AB028A574EF00855ED9 /* Employees List */,
			);
		};
/* End PBXProject section */

/* Begin PBXResourcesBuildPhase section */
		94169AAF28A574EF00855ED9 /* Resources */ = {
			isa = PBXResourcesBuildPhase;
			buildActionMask = 2147483647;
			files = (
				94169AC128A574F100855ED9 /* LaunchScreen.storyboard in Resources */,
				94169ABE28A574F100855ED9 /* Assets.xcassets in Resources */,
				94169ABC28A574EF00855ED9 /* Main.storyboard in Resources */,
			);
			runOnlyForDeploymentPostprocessing = 0;
		};
/* End PBXResourcesBuildPhase section */

/* Begin PBXSourcesBuildPhase section */
		94169AAD28A574EF00855ED9 /* Sources */ = {
			isa = PBXSourcesBuildPhase;
			buildActionMask = 2147483647;
			files = (
				94169AB928A574EF00855ED9 /* ViewController.swift in Sources */,
				94169AC928A5750400855ED9 /* Employee.swift in Sources */,
				94169AD628A5891600855ED9 /* EmployeeCell.swift in Sources */,
				94169AD028A57FF500855ED9 /* NetworkManager.swift in Sources */,
				94169AD428A587E700855ED9 /* EmployeesTableViewController.swift in Sources */,
				94169AB528A574EF00855ED9 /* AppDelegate.swift in Sources */,
				94169AB728A574EF00855ED9 /* SceneDelegate.swift in Sources */,
			);
			runOnlyForDeploymentPostprocessing = 0;
		};
/* End PBXSourcesBuildPhase section */

/* Begin PBXVariantGroup section */
		94169ABA28A574EF00855ED9 /* Main.storyboard */ = {
			isa = PBXVariantGroup;
			children = (
				94169ABB28A574EF00855ED9 /* Base */,
			);
			name = Main.storyboard;
			sourceTree = "<group>";
		};
		94169ABF28A574F100855ED9 /* LaunchScreen.storyboard */ = {
			isa = PBXVariantGroup;
			children = (
				94169AC028A574F100855ED9 /* Base */,
			);
			name = LaunchScreen.storyboard;
			sourceTree = "<group>";
		};
/* End PBXVariantGroup section */

/* Begin XCBuildConfiguration section */
		94169AC328A574F100855ED9 /* Debug */ = {
			isa = XCBuildConfiguration;
			buildSettings = {
				ALWAYS_SEARCH_USER_PATHS = NO;
				CLANG_ANALYZER_NONNULL = YES;
				CLANG_ANALYZER_NUMBER_OBJECT_CONVERSION = YES_AGGRESSIVE;
				CLANG_CXX_LANGUAGE_STANDARD = "gnu++17";
				CLANG_ENABLE_MODULES = YES;
				CLANG_ENABLE_OBJC_ARC = YES;
				CLANG_ENABLE_OBJC_WEAK = YES;
				CLANG_WARN_BLOCK_CAPTURE_AUTORELEASING = YES;
				CLANG_WARN_BOOL_CONVERSION = YES;
				CLANG_WARN_COMMA = YES;
				CLANG_WARN_CONSTANT_CONVERSION = YES;
				CLANG_WARN_DEPRECATED_OBJC_IMPLEMENTATIONS = YES;
				CLANG_WARN_DIRECT_OBJC_ISA_USAGE = YES_ERROR;
				CLANG_WARN_DOCUMENTATION_COMMENTS = YES;
				CLANG_WARN_EMPTY_BODY = YES;
				CLANG_WARN_ENUM_CONVERSION = YES;
				CLANG_WARN_INFINITE_RECURSION = YES;
				CLANG_WARN_INT_CONVERSION = YES;
				CLANG_WARN_NON_LITERAL_NULL_CONVERSION = YES;
				CLANG_WARN_OBJC_IMPLICIT_RETAIN_SELF = YES;
				CLANG_WARN_OBJC_LITERAL_CONVERSION = YES;
				CLANG_WARN_OBJC_ROOT_CLASS = YES_ERROR;
				CLANG_WARN_QUOTED_INCLUDE_IN_FRAMEWORK_HEADER = YES;
				CLANG_WARN_RANGE_LOOP_ANALYSIS = YES;
				CLANG_WARN_STRICT_PROTOTYPES = YES;
				CLANG_WARN_SUSPICIOUS_MOVE = YES;
				CLANG_WARN_UNGUARDED_AVAILABILITY = YES_AGGRESSIVE;
				CLANG_WARN_UNREACHABLE_CODE = YES;
				CLANG_WARN__DUPLICATE_METHOD_MATCH = YES;
				COPY_PHASE_STRIP = NO;
				DEBUG_INFORMATION_FORMAT = dwarf;
				ENABLE_STRICT_OBJC_MSGSEND = YES;
				ENABLE_TESTABILITY = YES;
				GCC_C_LANGUAGE_STANDARD = gnu11;
				GCC_DYNAMIC_NO_PIC = NO;
				GCC_NO_COMMON_BLOCKS = YES;
				GCC_OPTIMIZATION_LEVEL = 0;
				GCC_PREPROCESSOR_DEFINITIONS = (
					"DEBUG=1",
					"$(inherited)",
				);
				GCC_WARN_64_TO_32_BIT_CONVERSION = YES;
				GCC_WARN_ABOUT_RETURN_TYPE = YES_ERROR;
				GCC_WARN_UNDECLARED_SELECTOR = YES;
				GCC_WARN_UNINITIALIZED_AUTOS = YES_AGGRESSIVE;
				GCC_WARN_UNUSED_FUNCTION = YES;
				GCC_WARN_UNUSED_VARIABLE = YES;
				IPHONEOS_DEPLOYMENT_TARGET = 15.4;
				MTL_ENABLE_DEBUG_INFO = INCLUDE_SOURCE;
				MTL_FAST_MATH = YES;
				ONLY_ACTIVE_ARCH = YES;
				SDKROOT = iphoneos;
				SWIFT_ACTIVE_COMPILATION_CONDITIONS = DEBUG;
				SWIFT_OPTIMIZATION_LEVEL = "-Onone";
			};
			name = Debug;
		};
		94169AC428A574F100855ED9 /* Release */ = {
			isa = XCBuildConfiguration;
			buildSettings = {
				ALWAYS_SEARCH_USER_PATHS = NO;
				CLANG_ANALYZER_NONNULL = YES;
				CLANG_ANALYZER_NUMBER_OBJECT_CONVERSION = YES_AGGRESSIVE;
				CLANG_CXX_LANGUAGE_STANDARD = "gnu++17";
				CLANG_ENABLE_MODULES = YES;
				CLANG_ENABLE_OBJC_ARC = YES;
				CLANG_ENABLE_OBJC_WEAK = YES;
				CLANG_WARN_BLOCK_CAPTURE_AUTORELEASING = YES;
				CLANG_WARN_BOOL_CONVERSION = YES;
				CLANG_WARN_COMMA = YES;
				CLANG_WARN_CONSTANT_CONVERSION = YES;
				CLANG_WARN_DEPRECATED_OBJC_IMPLEMENTATIONS = YES;
				CLANG_WARN_DIRECT_OBJC_ISA_USAGE = YES_ERROR;
				CLANG_WARN_DOCUMENTATION_COMMENTS = YES;
				CLANG_WARN_EMPTY_BODY = YES;
				CLANG_WARN_ENUM_CONVERSION = YES;
				CLANG_WARN_INFINITE_RECURSION = YES;
				CLANG_WARN_INT_CONVERSION = YES;
				CLANG_WARN_NON_LITERAL_NULL_CONVERSION = YES;
				CLANG_WARN_OBJC_IMPLICIT_RETAIN_SELF = YES;
				CLANG_WARN_OBJC_LITERAL_CONVERSION = YES;
				CLANG_WARN_OBJC_ROOT_CLASS = YES_ERROR;
				CLANG_WARN_QUOTED_INCLUDE_IN_FRAMEWORK_HEADER = YES;
				CLANG_WARN_RANGE_LOOP_ANALYSIS = YES;
				CLANG_WARN_STRICT_PROTOTYPES = YES;
				CLANG_WARN_SUSPICIOUS_MOVE = YES;
				CLANG_WARN_UNGUARDED_AVAILABILITY = YES_AGGRESSIVE;
				CLANG_WARN_UNREACHABLE_CODE = YES;
				CLANG_WARN__DUPLICATE_METHOD_MATCH = YES;
				COPY_PHASE_STRIP = NO;
				DEBUG_INFORMATION_FORMAT = "dwarf-with-dsym";
				ENABLE_NS_ASSERTIONS = NO;
				ENABLE_STRICT_OBJC_MSGSEND = YES;
				GCC_C_LANGUAGE_STANDARD = gnu11;
				GCC_NO_COMMON_BLOCKS = YES;
				GCC_WARN_64_TO_32_BIT_CONVERSION = YES;
				GCC_WARN_ABOUT_RETURN_TYPE = YES_ERROR;
				GCC_WARN_UNDECLARED_SELECTOR = YES;
				GCC_WARN_UNINITIALIZED_AUTOS = YES_AGGRESSIVE;
				GCC_WARN_UNUSED_FUNCTION = YES;
				GCC_WARN_UNUSED_VARIABLE = YES;
				IPHONEOS_DEPLOYMENT_TARGET = 15.4;
				MTL_ENABLE_DEBUG_INFO = NO;
				MTL_FAST_MATH = YES;
				SDKROOT = iphoneos;
				SWIFT_COMPILATION_MODE = wholemodule;
				SWIFT_OPTIMIZATION_LEVEL = "-O";
				VALIDATE_PRODUCT = YES;
			};
			name = Release;
		};
		94169AC628A574F100855ED9 /* Debug */ = {
			isa = XCBuildConfiguration;
			buildSettings = {
				ASSETCATALOG_COMPILER_APPICON_NAME = AppIcon;
				ASSETCATALOG_COMPILER_GLOBAL_ACCENT_COLOR_NAME = AccentColor;
				CODE_SIGN_STYLE = Automatic;
				CURRENT_PROJECT_VERSION = 1;
				DEVELOPMENT_TEAM = 893MJ9Y23R;
				GENERATE_INFOPLIST_FILE = YES;
				INFOPLIST_FILE = "Employees List/App/Info.plist";
				INFOPLIST_KEY_UIApplicationSupportsIndirectInputEvents = YES;
				INFOPLIST_KEY_UILaunchStoryboardName = LaunchScreen;
				INFOPLIST_KEY_UIMainStoryboardFile = Main;
				INFOPLIST_KEY_UISupportedInterfaceOrientations_iPad = "UIInterfaceOrientationPortrait UIInterfaceOrientationPortraitUpsideDown UIInterfaceOrientationLandscapeLeft UIInterfaceOrientationLandscapeRight";
				INFOPLIST_KEY_UISupportedInterfaceOrientations_iPhone = "UIInterfaceOrientationPortrait UIInterfaceOrientationLandscapeLeft UIInterfaceOrientationLandscapeRight";
				LD_RUNPATH_SEARCH_PATHS = (
					"$(inherited)",
					"@executable_path/Frameworks",
				);
				MARKETING_VERSION = 1.0;
				PRODUCT_BUNDLE_IDENTIFIER = "ru.swiftbook.Employees-List";
				PRODUCT_NAME = "$(TARGET_NAME)";
				SWIFT_EMIT_LOC_STRINGS = YES;
				SWIFT_VERSION = 5.0;
				TARGETED_DEVICE_FAMILY = "1,2";
			};
			name = Debug;
		};
		94169AC728A574F100855ED9 /* Release */ = {
			isa = XCBuildConfiguration;
			buildSettings = {
				ASSETCATALOG_COMPILER_APPICON_NAME = AppIcon;
				ASSETCATALOG_COMPILER_GLOBAL_ACCENT_COLOR_NAME = AccentColor;
				CODE_SIGN_STYLE = Automatic;
				CURRENT_PROJECT_VERSION = 1;
				DEVELOPMENT_TEAM = 893MJ9Y23R;
				GENERATE_INFOPLIST_FILE = YES;
				INFOPLIST_FILE = "Employees List/App/Info.plist";
				INFOPLIST_KEY_UIApplicationSupportsIndirectInputEvents = YES;
				INFOPLIST_KEY_UILaunchStoryboardName = LaunchScreen;
				INFOPLIST_KEY_UIMainStoryboardFile = Main;
				INFOPLIST_KEY_UISupportedInterfaceOrientations_iPad = "UIInterfaceOrientationPortrait UIInterfaceOrientationPortraitUpsideDown UIInterfaceOrientationLandscapeLeft UIInterfaceOrientationLandscapeRight";
				INFOPLIST_KEY_UISupportedInterfaceOrientations_iPhone = "UIInterfaceOrientationPortrait UIInterfaceOrientationLandscapeLeft UIInterfaceOrientationLandscapeRight";
				LD_RUNPATH_SEARCH_PATHS = (
					"$(inherited)",
					"@executable_path/Frameworks",
				);
				MARKETING_VERSION = 1.0;
				PRODUCT_BUNDLE_IDENTIFIER = "ru.swiftbook.Employees-List";
				PRODUCT_NAME = "$(TARGET_NAME)";
				SWIFT_EMIT_LOC_STRINGS = YES;
				SWIFT_VERSION = 5.0;
				TARGETED_DEVICE_FAMILY = "1,2";
			};
			name = Release;
		};
/* End XCBuildConfiguration section */

/* Begin XCConfigurationList section */
		94169AAC28A574EF00855ED9 /* Build configuration list for PBXProject "Employees List" */ = {
			isa = XCConfigurationList;
			buildConfigurations = (
				94169AC328A574F100855ED9 /* Debug */,
				94169AC428A574F100855ED9 /* Release */,
			);
			defaultConfigurationIsVisible = 0;
			defaultConfigurationName = Release;
		};
		94169AC528A574F100855ED9 /* Build configuration list for PBXNativeTarget "Employees List" */ = {
			isa = XCConfigurationList;
			buildConfigurations = (
				94169AC628A574F100855ED9 /* Debug */,
				94169AC728A574F100855ED9 /* Release */,
			);
			defaultConfigurationIsVisible = 0;
			defaultConfigurationName = Release;
		};
/* End XCConfigurationList section */
	};
	rootObject = 94169AA928A574EF00855ED9 /* Project object */;
}
